
Microsoft Visual Studio Solution File, Format Version 12.00
# Visual Studio Version 17
VisualStudioVersion = 17.11.35327.3
MinimumVisualStudioVersion = 10.0.40219.1
Project("{FAE04EC0-301F-11D3-BF4B-00C04F79EFBC}") = "SocialMedia.API", "SocialMedia.API\SocialMedia.API.csproj", "{B4173DE9-F713-4922-8816-C6BAA41E6262}"
EndProject
Project("{FAE04EC0-301F-11D3-BF4B-00C04F79EFBC}") = "SocialMedoa.core", "SocialMedoa.core\SocialMedoa.core.csproj", "{B6239E32-A3DA-42D4-8CF0-2EC4F0014FC5}"
EndProject
Project("{FAE04EC0-301F-11D3-BF4B-00C04F79EFBC}") = "SocialMedia.data", "SocialMedia.data\SocialMedia.data.csproj", "{394BAE2E-0AD6-49CD-B42E-CB6EA0076391}"
EndProject
Global
	GlobalSection(SolutionConfigurationPlatforms) = preSolution
		Debug|Any CPU = Debug|Any CPU
		Release|Any CPU = Release|Any CPU
	EndGlobalSection
	GlobalSection(ProjectConfigurationPlatforms) = postSolution
		{B4173DE9-F713-4922-8816-C6BAA41E6262}.Debug|Any CPU.ActiveCfg = Debug|Any CPU
		{B4173DE9-F713-4922-8816-C6BAA41E6262}.Debug|Any CPU.Build.0 = Debug|Any CPU
		{B4173DE9-F713-4922-8816-C6BAA41E6262}.Release|Any CPU.ActiveCfg = Release|Any CPU
		{B4173DE9-F713-4922-8816-C6BAA41E6262}.Release|Any CPU.Build.0 = Release|Any CPU
		{B6239E32-A3DA-42D4-8CF0-2EC4F0014FC5}.Debug|Any CPU.ActiveCfg = Debug|Any CPU
		{B6239E32-A3DA-42D4-8CF0-2EC4F0014FC5}.Debug|Any CPU.Build.0 = Debug|Any CPU
		{B6239E32-A3DA-42D4-8CF0-2EC4F0014FC5}.Release|Any CPU.ActiveCfg = Release|Any CPU
		{B6239E32-A3DA-42D4-8CF0-2EC4F0014FC5}.Release|Any CPU.Build.0 = Release|Any CPU
		{394BAE2E-0AD6-49CD-B42E-CB6EA0076391}.Debug|Any CPU.ActiveCfg = Debug|Any CPU
		{394BAE2E-0AD6-49CD-B42E-CB6EA0076391}.Debug|Any CPU.Build.0 = Debug|Any CPU
		{394BAE2E-0AD6-49CD-B42E-CB6EA0076391}.Release|Any CPU.ActiveCfg = Release|Any CPU
		{394BAE2E-0AD6-49CD-B42E-CB6EA0076391}.Release|Any CPU.Build.0 = Release|Any CPU
	EndGlobalSection
	GlobalSection(SolutionProperties) = preSolution
		HideSolutionNode = FALSE
	EndGlobalSection
	GlobalSection(ExtensibilityGlobals) = postSolution
		SolutionGuid = {D3BCFE3E-444D-4B0F-8380-870BF5D6FF20}
	EndGlobalSection
EndGlobal
